
Microsoft Visual Studio Solution File, Format Version 12.00
# Visual Studio Version 17
VisualStudioVersion = 17.3.32825.248
MinimumVisualStudioVersion = 10.0.40219.1
Project("{FAE04EC0-301F-11D3-BF4B-00C04F79EFBC}") = "GestorDeEstoqueOO", "GestorDeEstoqueOO\GestorDeEstoqueOO.csproj", "{AD99FF94-384B-4982-B390-734A92E33396}"
EndProject
Global
	GlobalSection(SolutionConfigurationPlatforms) = preSolution
		Debug|Any CPU = Debug|Any CPU
		Release|Any CPU = Release|Any CPU
	EndGlobalSection
	GlobalSection(ProjectConfigurationPlatforms) = postSolution
		{AD99FF94-384B-4982-B390-734A92E33396}.Debug|Any CPU.ActiveCfg = Debug|Any CPU
		{AD99FF94-384B-4982-B390-734A92E33396}.Debug|Any CPU.Build.0 = Debug|Any CPU
		{AD99FF94-384B-4982-B390-734A92E33396}.Release|Any CPU.ActiveCfg = Release|Any CPU
		{AD99FF94-384B-4982-B390-734A92E33396}.Release|Any CPU.Build.0 = Release|Any CPU
	EndGlobalSection
	GlobalSection(SolutionProperties) = preSolution
		HideSolutionNode = FALSE
	EndGlobalSection
	GlobalSection(ExtensibilityGlobals) = postSolution
		SolutionGuid = {70E0FDE2-7944-4F0C-B358-C802B6015030}
	EndGlobalSection
EndGlobal
